
Microsoft Visual Studio Solution File, Format Version 12.00
# Visual Studio Version 17
VisualStudioVersion = 17.5.33516.290
MinimumVisualStudioVersion = 10.0.40219.1
Project("{FAE04EC0-301F-11D3-BF4B-00C04F79EFBC}") = "01_MainSubjects", "01_MainSubjects\01_MainSubjects.csproj", "{FC02D5A4-34C9-486B-9D7D-ACA7F85E3075}"
EndProject
Project("{FAE04EC0-301F-11D3-BF4B-00C04F79EFBC}") = "02_Variables", "02_Variables\02_Variables.csproj", "{AD931164-3803-4B3D-ADB9-9AD8A980A59F}"
EndProject
Project("{FAE04EC0-301F-11D3-BF4B-00C04F79EFBC}") = "03_MakingDecision", "03_MakingDecision\03_MakingDecision.csproj", "{5A9D1952-D120-4231-8680-7970B9221EBD}"
EndProject
Project("{FAE04EC0-301F-11D3-BF4B-00C04F79EFBC}") = "04_Loops", "04_Loops\04_Loops.csproj", "{910C0E1A-6FD4-47B0-B41B-FA8C5150846F}"
EndProject
Project("{FAE04EC0-301F-11D3-BF4B-00C04F79EFBC}") = "06_Arrays", "06_Arrays\06_Arrays.csproj", "{E53C297C-400C-42CF-A234-65C7BA6CA84B}"
EndProject
Project("{FAE04EC0-301F-11D3-BF4B-00C04F79EFBC}") = "05_LoopWithStars", "05_LoopWithStars\05_LoopWithStars.csproj", "{DC53B62A-BBBF-47CD-8622-5E2276094900}"
EndProject
Project("{FAE04EC0-301F-11D3-BF4B-00C04F79EFBC}") = "07_ForeachLoop", "07_ForeachLoop\07_ForeachLoop.csproj", "{E8A0263A-7B98-4CF1-8817-455A870ECBCA}"
EndProject
Project("{FAE04EC0-301F-11D3-BF4B-00C04F79EFBC}") = "08_Methods", "08_Methods\08_Methods.csproj", "{029C6560-5B64-4C3C-9100-16248DB1601A}"
EndProject
Project("{FAE04EC0-301F-11D3-BF4B-00C04F79EFBC}") = "09_DatabaseProject", "09_DatabaseProject\09_DatabaseProject.csproj", "{EB59A836-6091-4301-8166-B041A9DE28E5}"
EndProject
Project("{FAE04EC0-301F-11D3-BF4B-00C04F79EFBC}") = "10_DatabaseCrud", "10_DatabaseCrud\10_DatabaseCrud.csproj", "{24AA4D54-BD6F-4B0B-8CD7-859EEDFE9E9B}"
EndProject
Global
	GlobalSection(SolutionConfigurationPlatforms) = preSolution
		Debug|Any CPU = Debug|Any CPU
		Release|Any CPU = Release|Any CPU
	EndGlobalSection
	GlobalSection(ProjectConfigurationPlatforms) = postSolution
		{FC02D5A4-34C9-486B-9D7D-ACA7F85E3075}.Debug|Any CPU.ActiveCfg = Debug|Any CPU
		{FC02D5A4-34C9-486B-9D7D-ACA7F85E3075}.Debug|Any CPU.Build.0 = Debug|Any CPU
		{FC02D5A4-34C9-486B-9D7D-ACA7F85E3075}.Release|Any CPU.ActiveCfg = Release|Any CPU
		{FC02D5A4-34C9-486B-9D7D-ACA7F85E3075}.Release|Any CPU.Build.0 = Release|Any CPU
		{AD931164-3803-4B3D-ADB9-9AD8A980A59F}.Debug|Any CPU.ActiveCfg = Debug|Any CPU
		{AD931164-3803-4B3D-ADB9-9AD8A980A59F}.Debug|Any CPU.Build.0 = Debug|Any CPU
		{AD931164-3803-4B3D-ADB9-9AD8A980A59F}.Release|Any CPU.ActiveCfg = Release|Any CPU
		{AD931164-3803-4B3D-ADB9-9AD8A980A59F}.Release|Any CPU.Build.0 = Release|Any CPU
		{5A9D1952-D120-4231-8680-7970B9221EBD}.Debug|Any CPU.ActiveCfg = Debug|Any CPU
		{5A9D1952-D120-4231-8680-7970B9221EBD}.Debug|Any CPU.Build.0 = Debug|Any CPU
		{5A9D1952-D120-4231-8680-7970B9221EBD}.Release|Any CPU.ActiveCfg = Release|Any CPU
		{5A9D1952-D120-4231-8680-7970B9221EBD}.Release|Any CPU.Build.0 = Release|Any CPU
		{910C0E1A-6FD4-47B0-B41B-FA8C5150846F}.Debug|Any CPU.ActiveCfg = Debug|Any CPU
		{910C0E1A-6FD4-47B0-B41B-FA8C5150846F}.Debug|Any CPU.Build.0 = Debug|Any CPU
		{910C0E1A-6FD4-47B0-B41B-FA8C5150846F}.Release|Any CPU.ActiveCfg = Release|Any CPU
		{910C0E1A-6FD4-47B0-B41B-FA8C5150846F}.Release|Any CPU.Build.0 = Release|Any CPU
		{E53C297C-400C-42CF-A234-65C7BA6CA84B}.Debug|Any CPU.ActiveCfg = Debug|Any CPU
		{E53C297C-400C-42CF-A234-65C7BA6CA84B}.Debug|Any CPU.Build.0 = Debug|Any CPU
		{E53C297C-400C-42CF-A234-65C7BA6CA84B}.Release|Any CPU.ActiveCfg = Release|Any CPU
		{E53C297C-400C-42CF-A234-65C7BA6CA84B}.Release|Any CPU.Build.0 = Release|Any CPU
		{DC53B62A-BBBF-47CD-8622-5E2276094900}.Debug|Any CPU.ActiveCfg = Debug|Any CPU
		{DC53B62A-BBBF-47CD-8622-5E2276094900}.Debug|Any CPU.Build.0 = Debug|Any CPU
		{DC53B62A-BBBF-47CD-8622-5E2276094900}.Release|Any CPU.ActiveCfg = Release|Any CPU
		{DC53B62A-BBBF-47CD-8622-5E2276094900}.Release|Any CPU.Build.0 = Release|Any CPU
		{E8A0263A-7B98-4CF1-8817-455A870ECBCA}.Debug|Any CPU.ActiveCfg = Debug|Any CPU
		{E8A0263A-7B98-4CF1-8817-455A870ECBCA}.Debug|Any CPU.Build.0 = Debug|Any CPU
		{E8A0263A-7B98-4CF1-8817-455A870ECBCA}.Release|Any CPU.ActiveCfg = Release|Any CPU
		{E8A0263A-7B98-4CF1-8817-455A870ECBCA}.Release|Any CPU.Build.0 = Release|Any CPU
		{029C6560-5B64-4C3C-9100-16248DB1601A}.Debug|Any CPU.ActiveCfg = Debug|Any CPU
		{029C6560-5B64-4C3C-9100-16248DB1601A}.Debug|Any CPU.Build.0 = Debug|Any CPU
		{029C6560-5B64-4C3C-9100-16248DB1601A}.Release|Any CPU.ActiveCfg = Release|Any CPU
		{029C6560-5B64-4C3C-9100-16248DB1601A}.Release|Any CPU.Build.0 = Release|Any CPU
		{EB59A836-6091-4301-8166-B041A9DE28E5}.Debug|Any CPU.ActiveCfg = Debug|Any CPU
		{EB59A836-6091-4301-8166-B041A9DE28E5}.Debug|Any CPU.Build.0 = Debug|Any CPU
		{EB59A836-6091-4301-8166-B041A9DE28E5}.Release|Any CPU.ActiveCfg = Release|Any CPU
		{EB59A836-6091-4301-8166-B041A9DE28E5}.Release|Any CPU.Build.0 = Release|Any CPU
		{24AA4D54-BD6F-4B0B-8CD7-859EEDFE9E9B}.Debug|Any CPU.ActiveCfg = Debug|Any CPU
		{24AA4D54-BD6F-4B0B-8CD7-859EEDFE9E9B}.Debug|Any CPU.Build.0 = Debug|Any CPU
		{24AA4D54-BD6F-4B0B-8CD7-859EEDFE9E9B}.Release|Any CPU.ActiveCfg = Release|Any CPU
		{24AA4D54-BD6F-4B0B-8CD7-859EEDFE9E9B}.Release|Any CPU.Build.0 = Release|Any CPU
	EndGlobalSection
	GlobalSection(SolutionProperties) = preSolution
		HideSolutionNode = FALSE
	EndGlobalSection
	GlobalSection(ExtensibilityGlobals) = postSolution
		SolutionGuid = {75384959-8975-4CE1-B3A9-A0EC31D5C40F}
	EndGlobalSection
EndGlobal
